
Microsoft Visual Studio Solution File, Format Version 12.00
# Visual Studio Version 16
VisualStudioVersion = 16.0.28714.193
MinimumVisualStudioVersion = 10.0.40219.1
Project("{2150E333-8FDC-42A3-9474-1A3956D46DE8}") = "Src", "Src", "{37505554-A8AF-4581-8BC3-24A9AFB0D256}"
EndProject
Project("{2150E333-8FDC-42A3-9474-1A3956D46DE8}") = "Tests", "Tests", "{18B4C129-8974-433A-86DE-629ABEC7489F}"
EndProject
Project("{2150E333-8FDC-42A3-9474-1A3956D46DE8}") = "Common", "Common", "{7B5CF9D9-EFE0-41B5-BEFA-4BD0A38CA88A}"
EndProject
Project("{2150E333-8FDC-42A3-9474-1A3956D46DE8}") = "Core", "Core", "{36702122-56E0-42B9-8629-1C2A88708A61}"
EndProject
Project("{2150E333-8FDC-42A3-9474-1A3956D46DE8}") = "Infrastructure", "Infrastructure", "{811E0579-9CC1-4128-9B13-B25F0CFE3778}"
EndProject
Project("{2150E333-8FDC-42A3-9474-1A3956D46DE8}") = "Presentation", "Presentation", "{3EAE3D2C-DCDB-4888-9F9E-34111428562E}"
EndProject
Project("{9A19103F-16F7-4668-BE54-9A1E7A4F7556}") = "PrestamApp.Common", "PrestamApp.Common\PrestamApp.Common.csproj", "{01D5E3C6-1145-465D-A047-F10962A66B6F}"
EndProject
Project("{9A19103F-16F7-4668-BE54-9A1E7A4F7556}") = "PrestamApp.Application", "PrestamApp.Application\PrestamApp.Application.csproj", "{01E49865-85BD-49BD-8AC9-4C3D30302ACF}"
EndProject
Project("{9A19103F-16F7-4668-BE54-9A1E7A4F7556}") = "PrestamApp.Domain", "PrestamApp.Domain\PrestamApp.Domain.csproj", "{D84D2A58-A980-442C-ADB7-AB7E78511C82}"
EndProject
Project("{9A19103F-16F7-4668-BE54-9A1E7A4F7556}") = "PrestamApp.Infrastructure", "PrestamApp.Infrastructure\PrestamApp.Infrastructure.csproj", "{074516E8-89F7-4292-8159-595678DD3B80}"
EndProject
Project("{9A19103F-16F7-4668-BE54-9A1E7A4F7556}") = "PrestamApp.Persistence", "PrestamApp.Persistence\PrestamApp.Persistence.csproj", "{BDB7E4A9-E72D-4704-97DE-1CCED175B4A4}"
EndProject
Project("{9A19103F-16F7-4668-BE54-9A1E7A4F7556}") = "PrestamApp.WebUI", "PrestamApp.WebUI\PrestamApp.WebUI.csproj", "{18EC0518-9FE5-4F22-90D7-092B329C5456}"
EndProject
Project("{9A19103F-16F7-4668-BE54-9A1E7A4F7556}") = "PrestamApp.Application.Tests", "PrestamApp.Application.Tests\PrestamApp.Application.Tests.csproj", "{D5C00B91-268D-4CAA-9DA3-7F6A83353483}"
EndProject
Project("{9A19103F-16F7-4668-BE54-9A1E7A4F7556}") = "PrestamApp.Domain.Tests", "PrestamApp.Domain.Tests\PrestamApp.Domain.Tests.csproj", "{AB409FCD-C62D-42F1-A7DF-367DB595C7E9}"
EndProject
Project("{2150E333-8FDC-42A3-9474-1A3956D46DE8}") = "Service", "Service", "{F439AF6C-1B63-431A-AA19-D0DF1F4FD545}"
EndProject
Project("{9A19103F-16F7-4668-BE54-9A1E7A4F7556}") = "PrestamApp.Auth", "PrestamApp.Auth\PrestamApp.Auth.csproj", "{E96F9D7A-0E4A-40B0-818A-590BBA97F254}"
EndProject
Project("{9A19103F-16F7-4668-BE54-9A1E7A4F7556}") = "PrestamApp.API", "PrestamApp.API\PrestamApp.API.csproj", "{8B76B023-1C9C-426C-B4F8-7FEE8B95FFF2}"
EndProject
Global
	GlobalSection(SolutionConfigurationPlatforms) = preSolution
		Debug|Any CPU = Debug|Any CPU
		Release|Any CPU = Release|Any CPU
	EndGlobalSection
	GlobalSection(ProjectConfigurationPlatforms) = postSolution
		{01D5E3C6-1145-465D-A047-F10962A66B6F}.Debug|Any CPU.ActiveCfg = Debug|Any CPU
		{01D5E3C6-1145-465D-A047-F10962A66B6F}.Debug|Any CPU.Build.0 = Debug|Any CPU
		{01D5E3C6-1145-465D-A047-F10962A66B6F}.Release|Any CPU.ActiveCfg = Release|Any CPU
		{01D5E3C6-1145-465D-A047-F10962A66B6F}.Release|Any CPU.Build.0 = Release|Any CPU
		{01E49865-85BD-49BD-8AC9-4C3D30302ACF}.Debug|Any CPU.ActiveCfg = Debug|Any CPU
		{01E49865-85BD-49BD-8AC9-4C3D30302ACF}.Debug|Any CPU.Build.0 = Debug|Any CPU
		{01E49865-85BD-49BD-8AC9-4C3D30302ACF}.Release|Any CPU.ActiveCfg = Release|Any CPU
		{01E49865-85BD-49BD-8AC9-4C3D30302ACF}.Release|Any CPU.Build.0 = Release|Any CPU
		{D84D2A58-A980-442C-ADB7-AB7E78511C82}.Debug|Any CPU.ActiveCfg = Debug|Any CPU
		{D84D2A58-A980-442C-ADB7-AB7E78511C82}.Debug|Any CPU.Build.0 = Debug|Any CPU
		{D84D2A58-A980-442C-ADB7-AB7E78511C82}.Release|Any CPU.ActiveCfg = Release|Any CPU
		{D84D2A58-A980-442C-ADB7-AB7E78511C82}.Release|Any CPU.Build.0 = Release|Any CPU
		{074516E8-89F7-4292-8159-595678DD3B80}.Debug|Any CPU.ActiveCfg = Debug|Any CPU
		{074516E8-89F7-4292-8159-595678DD3B80}.Debug|Any CPU.Build.0 = Debug|Any CPU
		{074516E8-89F7-4292-8159-595678DD3B80}.Release|Any CPU.ActiveCfg = Release|Any CPU
		{074516E8-89F7-4292-8159-595678DD3B80}.Release|Any CPU.Build.0 = Release|Any CPU
		{BDB7E4A9-E72D-4704-97DE-1CCED175B4A4}.Debug|Any CPU.ActiveCfg = Debug|Any CPU
		{BDB7E4A9-E72D-4704-97DE-1CCED175B4A4}.Debug|Any CPU.Build.0 = Debug|Any CPU
		{BDB7E4A9-E72D-4704-97DE-1CCED175B4A4}.Release|Any CPU.ActiveCfg = Release|Any CPU
		{BDB7E4A9-E72D-4704-97DE-1CCED175B4A4}.Release|Any CPU.Build.0 = Release|Any CPU
		{18EC0518-9FE5-4F22-90D7-092B329C5456}.Debug|Any CPU.ActiveCfg = Debug|Any CPU
		{18EC0518-9FE5-4F22-90D7-092B329C5456}.Debug|Any CPU.Build.0 = Debug|Any CPU
		{18EC0518-9FE5-4F22-90D7-092B329C5456}.Release|Any CPU.ActiveCfg = Release|Any CPU
		{18EC0518-9FE5-4F22-90D7-092B329C5456}.Release|Any CPU.Build.0 = Release|Any CPU
		{D5C00B91-268D-4CAA-9DA3-7F6A83353483}.Debug|Any CPU.ActiveCfg = Debug|Any CPU
		{D5C00B91-268D-4CAA-9DA3-7F6A83353483}.Debug|Any CPU.Build.0 = Debug|Any CPU
		{D5C00B91-268D-4CAA-9DA3-7F6A83353483}.Release|Any CPU.ActiveCfg = Release|Any CPU
		{D5C00B91-268D-4CAA-9DA3-7F6A83353483}.Release|Any CPU.Build.0 = Release|Any CPU
		{AB409FCD-C62D-42F1-A7DF-367DB595C7E9}.Debug|Any CPU.ActiveCfg = Debug|Any CPU
		{AB409FCD-C62D-42F1-A7DF-367DB595C7E9}.Debug|Any CPU.Build.0 = Debug|Any CPU
		{AB409FCD-C62D-42F1-A7DF-367DB595C7E9}.Release|Any CPU.ActiveCfg = Release|Any CPU
		{AB409FCD-C62D-42F1-A7DF-367DB595C7E9}.Release|Any CPU.Build.0 = Release|Any CPU
		{E96F9D7A-0E4A-40B0-818A-590BBA97F254}.Debug|Any CPU.ActiveCfg = Debug|Any CPU
		{E96F9D7A-0E4A-40B0-818A-590BBA97F254}.Debug|Any CPU.Build.0 = Debug|Any CPU
		{E96F9D7A-0E4A-40B0-818A-590BBA97F254}.Release|Any CPU.ActiveCfg = Release|Any CPU
		{E96F9D7A-0E4A-40B0-818A-590BBA97F254}.Release|Any CPU.Build.0 = Release|Any CPU
		{8B76B023-1C9C-426C-B4F8-7FEE8B95FFF2}.Debug|Any CPU.ActiveCfg = Debug|Any CPU
		{8B76B023-1C9C-426C-B4F8-7FEE8B95FFF2}.Debug|Any CPU.Build.0 = Debug|Any CPU
		{8B76B023-1C9C-426C-B4F8-7FEE8B95FFF2}.Release|Any CPU.ActiveCfg = Release|Any CPU
		{8B76B023-1C9C-426C-B4F8-7FEE8B95FFF2}.Release|Any CPU.Build.0 = Release|Any CPU
	EndGlobalSection
	GlobalSection(SolutionProperties) = preSolution
		HideSolutionNode = FALSE
	EndGlobalSection
	GlobalSection(NestedProjects) = preSolution
		{7B5CF9D9-EFE0-41B5-BEFA-4BD0A38CA88A} = {37505554-A8AF-4581-8BC3-24A9AFB0D256}
		{36702122-56E0-42B9-8629-1C2A88708A61} = {37505554-A8AF-4581-8BC3-24A9AFB0D256}
		{811E0579-9CC1-4128-9B13-B25F0CFE3778} = {37505554-A8AF-4581-8BC3-24A9AFB0D256}
		{3EAE3D2C-DCDB-4888-9F9E-34111428562E} = {37505554-A8AF-4581-8BC3-24A9AFB0D256}
		{01D5E3C6-1145-465D-A047-F10962A66B6F} = {7B5CF9D9-EFE0-41B5-BEFA-4BD0A38CA88A}
		{01E49865-85BD-49BD-8AC9-4C3D30302ACF} = {36702122-56E0-42B9-8629-1C2A88708A61}
		{D84D2A58-A980-442C-ADB7-AB7E78511C82} = {36702122-56E0-42B9-8629-1C2A88708A61}
		{074516E8-89F7-4292-8159-595678DD3B80} = {811E0579-9CC1-4128-9B13-B25F0CFE3778}
		{BDB7E4A9-E72D-4704-97DE-1CCED175B4A4} = {811E0579-9CC1-4128-9B13-B25F0CFE3778}
		{18EC0518-9FE5-4F22-90D7-092B329C5456} = {3EAE3D2C-DCDB-4888-9F9E-34111428562E}
		{D5C00B91-268D-4CAA-9DA3-7F6A83353483} = {18B4C129-8974-433A-86DE-629ABEC7489F}
		{AB409FCD-C62D-42F1-A7DF-367DB595C7E9} = {18B4C129-8974-433A-86DE-629ABEC7489F}
		{F439AF6C-1B63-431A-AA19-D0DF1F4FD545} = {37505554-A8AF-4581-8BC3-24A9AFB0D256}
		{E96F9D7A-0E4A-40B0-818A-590BBA97F254} = {F439AF6C-1B63-431A-AA19-D0DF1F4FD545}
		{8B76B023-1C9C-426C-B4F8-7FEE8B95FFF2} = {F439AF6C-1B63-431A-AA19-D0DF1F4FD545}
	EndGlobalSection
	GlobalSection(ExtensibilityGlobals) = postSolution
		SolutionGuid = {83CBD329-EA0A-40B5-A605-C930F1067FF8}
	EndGlobalSection
EndGlobal
